
Microsoft Visual Studio Solution File, Format Version 12.00
# Visual Studio 15
VisualStudioVersion = 15.0.27004.2009
MinimumVisualStudioVersion = 10.0.40219.1
Project("{2150E333-8FDC-42A3-9474-1A3956D46DE8}") = "05. Proyecto Windows", "05. Proyecto Windows", "{2D8266AA-A261-4393-B904-4F55F3556AAE}"
EndProject
Project("{FAE04EC0-301F-11D3-BF4B-00C04F79EFBC}") = "WinApp", "WinApp\WinApp.csproj", "{8B1F7BA2-F645-4504-B30B-AA8045225D8C}"
EndProject
Project("{2150E333-8FDC-42A3-9474-1A3956D46DE8}") = "01. Ensamblados Nuget", "01. Ensamblados Nuget", "{1F5396D9-BE52-4F33-9FE2-8FB799CB1C69}"
EndProject
Project("{FAE04EC0-301F-11D3-BF4B-00C04F79EFBC}") = "WinApp.Comun.Dto", "Comun.Dto\WinApp.Comun.Dto.csproj", "{90DEF2F2-AC7F-45C9-BCBC-88C4834200B9}"
EndProject
Project("{FAE04EC0-301F-11D3-BF4B-00C04F79EFBC}") = "WinApp.Datos", "WinApp.Datos\WinApp.Datos.csproj", "{C7624A20-3DD9-4C02-B8A4-E34A77493A4B}"
EndProject
Project("{FAE04EC0-301F-11D3-BF4B-00C04F79EFBC}") = "WinApp.Entidades", "WinApp.Entidades\WinApp.Entidades.csproj", "{29395C58-0DF7-418E-BAD2-FC3C442AA917}"
EndProject
Project("{2150E333-8FDC-42A3-9474-1A3956D46DE8}") = "06. Generacion XML", "06. Generacion XML", "{9255549D-DBC2-49D7-9A0B-FAC7620A2EC1}"
EndProject
Project("{FAE04EC0-301F-11D3-BF4B-00C04F79EFBC}") = "WinApp.Xml", "WinApp.Xml\WinApp.Xml.csproj", "{F8E55B7B-7789-48AF-830E-D8883BEB3A9A}"
EndProject
Project("{2150E333-8FDC-42A3-9474-1A3956D46DE8}") = "02. Comunes", "02. Comunes", "{60E69F9F-DA77-4099-ADCF-8E71857FDCF1}"
EndProject
Project("{FAE04EC0-301F-11D3-BF4B-00C04F79EFBC}") = "WinApp.Comun", "WinApp.Comun\WinApp.Comun.csproj", "{28057352-93AB-4200-8716-DC9B2E095DBB}"
EndProject
Project("{2150E333-8FDC-42A3-9474-1A3956D46DE8}") = "07. API", "07. API", "{7B86F027-78AA-4E13-96B4-0265FE8FDADF}"
EndProject
Project("{FAE04EC0-301F-11D3-BF4B-00C04F79EFBC}") = "WinApp.API", "WinApp.API\WinApp.API.csproj", "{4B1F35F8-48B6-4C05-9F0C-F1F1E8B839FF}"
EndProject
Project("{2150E333-8FDC-42A3-9474-1A3956D46DE8}") = "04. Estructuras UBL", "04. Estructuras UBL", "{C5D636D4-B22D-4C2D-A484-7C541B5E1E14}"
EndProject
Project("{FAE04EC0-301F-11D3-BF4B-00C04F79EFBC}") = "WinApp.Firmado", "WinApp.Firmado\WinApp.Firmado.csproj", "{7B12F2AE-CEC5-489A-BCB5-B7E2B69D225A}"
EndProject
Project("{2150E333-8FDC-42A3-9474-1A3956D46DE8}") = "03. Comunicacion SUNAT", "03. Comunicacion SUNAT", "{B5C73DB8-2A82-44D7-B7CE-B42E470F6C59}"
EndProject
Project("{FAE04EC0-301F-11D3-BF4B-00C04F79EFBC}") = "WinApp.Servicio", "WinApp.Servicio\WinApp.Servicio.csproj", "{40C8E308-D848-4593-B39C-711FCC74AA6E}"
EndProject
Project("{FAE04EC0-301F-11D3-BF4B-00C04F79EFBC}") = "WinApp.Servicio.Soap", "WinApp.Servicio.Soap\WinApp.Servicio.Soap.csproj", "{C75EEFC6-0BB7-43FD-ABE0-104622BD097A}"
EndProject
Project("{FAE04EC0-301F-11D3-BF4B-00C04F79EFBC}") = "WinApp.Estructuras", "WinApp.Estructuras\WinApp.Estructuras.csproj", "{79E7939D-0498-43DB-9821-6A5189B0F146}"
EndProject
Global
	GlobalSection(SolutionConfigurationPlatforms) = preSolution
		Debug|Any CPU = Debug|Any CPU
		Release|Any CPU = Release|Any CPU
	EndGlobalSection
	GlobalSection(ProjectConfigurationPlatforms) = postSolution
		{8B1F7BA2-F645-4504-B30B-AA8045225D8C}.Debug|Any CPU.ActiveCfg = Debug|Any CPU
		{8B1F7BA2-F645-4504-B30B-AA8045225D8C}.Debug|Any CPU.Build.0 = Debug|Any CPU
		{8B1F7BA2-F645-4504-B30B-AA8045225D8C}.Release|Any CPU.ActiveCfg = Release|Any CPU
		{8B1F7BA2-F645-4504-B30B-AA8045225D8C}.Release|Any CPU.Build.0 = Release|Any CPU
		{90DEF2F2-AC7F-45C9-BCBC-88C4834200B9}.Debug|Any CPU.ActiveCfg = Debug|Any CPU
		{90DEF2F2-AC7F-45C9-BCBC-88C4834200B9}.Debug|Any CPU.Build.0 = Debug|Any CPU
		{90DEF2F2-AC7F-45C9-BCBC-88C4834200B9}.Release|Any CPU.ActiveCfg = Release|Any CPU
		{90DEF2F2-AC7F-45C9-BCBC-88C4834200B9}.Release|Any CPU.Build.0 = Release|Any CPU
		{C7624A20-3DD9-4C02-B8A4-E34A77493A4B}.Debug|Any CPU.ActiveCfg = Debug|Any CPU
		{C7624A20-3DD9-4C02-B8A4-E34A77493A4B}.Debug|Any CPU.Build.0 = Debug|Any CPU
		{C7624A20-3DD9-4C02-B8A4-E34A77493A4B}.Release|Any CPU.ActiveCfg = Release|Any CPU
		{C7624A20-3DD9-4C02-B8A4-E34A77493A4B}.Release|Any CPU.Build.0 = Release|Any CPU
		{29395C58-0DF7-418E-BAD2-FC3C442AA917}.Debug|Any CPU.ActiveCfg = Debug|Any CPU
		{29395C58-0DF7-418E-BAD2-FC3C442AA917}.Debug|Any CPU.Build.0 = Debug|Any CPU
		{29395C58-0DF7-418E-BAD2-FC3C442AA917}.Release|Any CPU.ActiveCfg = Release|Any CPU
		{29395C58-0DF7-418E-BAD2-FC3C442AA917}.Release|Any CPU.Build.0 = Release|Any CPU
		{F8E55B7B-7789-48AF-830E-D8883BEB3A9A}.Debug|Any CPU.ActiveCfg = Debug|Any CPU
		{F8E55B7B-7789-48AF-830E-D8883BEB3A9A}.Debug|Any CPU.Build.0 = Debug|Any CPU
		{F8E55B7B-7789-48AF-830E-D8883BEB3A9A}.Release|Any CPU.ActiveCfg = Release|Any CPU
		{F8E55B7B-7789-48AF-830E-D8883BEB3A9A}.Release|Any CPU.Build.0 = Release|Any CPU
		{28057352-93AB-4200-8716-DC9B2E095DBB}.Debug|Any CPU.ActiveCfg = Debug|Any CPU
		{28057352-93AB-4200-8716-DC9B2E095DBB}.Debug|Any CPU.Build.0 = Debug|Any CPU
		{28057352-93AB-4200-8716-DC9B2E095DBB}.Release|Any CPU.ActiveCfg = Release|Any CPU
		{28057352-93AB-4200-8716-DC9B2E095DBB}.Release|Any CPU.Build.0 = Release|Any CPU
		{4B1F35F8-48B6-4C05-9F0C-F1F1E8B839FF}.Debug|Any CPU.ActiveCfg = Debug|Any CPU
		{4B1F35F8-48B6-4C05-9F0C-F1F1E8B839FF}.Debug|Any CPU.Build.0 = Debug|Any CPU
		{4B1F35F8-48B6-4C05-9F0C-F1F1E8B839FF}.Release|Any CPU.ActiveCfg = Release|Any CPU
		{4B1F35F8-48B6-4C05-9F0C-F1F1E8B839FF}.Release|Any CPU.Build.0 = Release|Any CPU
		{7B12F2AE-CEC5-489A-BCB5-B7E2B69D225A}.Debug|Any CPU.ActiveCfg = Debug|Any CPU
		{7B12F2AE-CEC5-489A-BCB5-B7E2B69D225A}.Debug|Any CPU.Build.0 = Debug|Any CPU
		{7B12F2AE-CEC5-489A-BCB5-B7E2B69D225A}.Release|Any CPU.ActiveCfg = Release|Any CPU
		{7B12F2AE-CEC5-489A-BCB5-B7E2B69D225A}.Release|Any CPU.Build.0 = Release|Any CPU
		{40C8E308-D848-4593-B39C-711FCC74AA6E}.Debug|Any CPU.ActiveCfg = Debug|Any CPU
		{40C8E308-D848-4593-B39C-711FCC74AA6E}.Debug|Any CPU.Build.0 = Debug|Any CPU
		{40C8E308-D848-4593-B39C-711FCC74AA6E}.Release|Any CPU.ActiveCfg = Release|Any CPU
		{40C8E308-D848-4593-B39C-711FCC74AA6E}.Release|Any CPU.Build.0 = Release|Any CPU
		{C75EEFC6-0BB7-43FD-ABE0-104622BD097A}.Debug|Any CPU.ActiveCfg = Debug|Any CPU
		{C75EEFC6-0BB7-43FD-ABE0-104622BD097A}.Debug|Any CPU.Build.0 = Debug|Any CPU
		{C75EEFC6-0BB7-43FD-ABE0-104622BD097A}.Release|Any CPU.ActiveCfg = Release|Any CPU
		{C75EEFC6-0BB7-43FD-ABE0-104622BD097A}.Release|Any CPU.Build.0 = Release|Any CPU
		{79E7939D-0498-43DB-9821-6A5189B0F146}.Debug|Any CPU.ActiveCfg = Debug|Any CPU
		{79E7939D-0498-43DB-9821-6A5189B0F146}.Debug|Any CPU.Build.0 = Debug|Any CPU
		{79E7939D-0498-43DB-9821-6A5189B0F146}.Release|Any CPU.ActiveCfg = Release|Any CPU
		{79E7939D-0498-43DB-9821-6A5189B0F146}.Release|Any CPU.Build.0 = Release|Any CPU
	EndGlobalSection
	GlobalSection(SolutionProperties) = preSolution
		HideSolutionNode = FALSE
	EndGlobalSection
	GlobalSection(NestedProjects) = preSolution
		{8B1F7BA2-F645-4504-B30B-AA8045225D8C} = {2D8266AA-A261-4393-B904-4F55F3556AAE}
		{90DEF2F2-AC7F-45C9-BCBC-88C4834200B9} = {1F5396D9-BE52-4F33-9FE2-8FB799CB1C69}
		{C7624A20-3DD9-4C02-B8A4-E34A77493A4B} = {2D8266AA-A261-4393-B904-4F55F3556AAE}
		{29395C58-0DF7-418E-BAD2-FC3C442AA917} = {2D8266AA-A261-4393-B904-4F55F3556AAE}
		{F8E55B7B-7789-48AF-830E-D8883BEB3A9A} = {9255549D-DBC2-49D7-9A0B-FAC7620A2EC1}
		{28057352-93AB-4200-8716-DC9B2E095DBB} = {60E69F9F-DA77-4099-ADCF-8E71857FDCF1}
		{4B1F35F8-48B6-4C05-9F0C-F1F1E8B839FF} = {7B86F027-78AA-4E13-96B4-0265FE8FDADF}
		{7B12F2AE-CEC5-489A-BCB5-B7E2B69D225A} = {C5D636D4-B22D-4C2D-A484-7C541B5E1E14}
		{40C8E308-D848-4593-B39C-711FCC74AA6E} = {B5C73DB8-2A82-44D7-B7CE-B42E470F6C59}
		{C75EEFC6-0BB7-43FD-ABE0-104622BD097A} = {B5C73DB8-2A82-44D7-B7CE-B42E470F6C59}
		{79E7939D-0498-43DB-9821-6A5189B0F146} = {C5D636D4-B22D-4C2D-A484-7C541B5E1E14}
	EndGlobalSection
	GlobalSection(ExtensibilityGlobals) = postSolution
		SolutionGuid = {12132980-B1F4-4E6D-9D8D-0A43D376AD96}
	EndGlobalSection
EndGlobal
